
Microsoft Visual Studio Solution File, Format Version 12.00
# Visual Studio Version 16
VisualStudioVersion = 16.0.31019.35
MinimumVisualStudioVersion = 10.0.40219.1
Project("{2150E333-8FDC-42A3-9474-1A3956D46DE8}") = "Faces", "Faces", "{0D077310-5FF0-421F-8F3F-4E749D95B88C}"
EndProject
Project("{9A19103F-16F7-4668-BE54-9A1E7A4F7556}") = "FacesApi", "FacesApi\FacesApi.csproj", "{86EA87B5-EE5A-49D3-A992-D4EC206A688B}"
EndProject
Project("{9A19103F-16F7-4668-BE54-9A1E7A4F7556}") = "FaceApiTest", "FaceApiTest\FaceApiTest.csproj", "{1B8D4DC0-95CF-4C63-A53D-71C0B622A651}"
EndProject
Project("{2150E333-8FDC-42A3-9474-1A3956D46DE8}") = "Faces.SharedLib", "Faces.SharedLib", "{F0E3017B-C07D-4DDA-8A1C-CD17A7BE2840}"
EndProject
Project("{9A19103F-16F7-4668-BE54-9A1E7A4F7556}") = "Messaging.InterfacesConstants", "Faces.SharedLib\Messaging.InterfacesConstants\Messaging.InterfacesConstants.csproj", "{9BE9EC80-8127-4E93-A9A7-5309F09CA2E3}"
EndProject
Project("{2150E333-8FDC-42A3-9474-1A3956D46DE8}") = "Faces.Web", "Faces.Web", "{4DC17EB6-F8EA-4C53-A5B8-4338BE923DD2}"
EndProject
Project("{9A19103F-16F7-4668-BE54-9A1E7A4F7556}") = "Faces.WebMvc", "Faces.Web\Faces.WebMvc\Faces.WebMvc.csproj", "{5A3D7973-8608-4EB5-840C-B46AE2806F62}"
EndProject
Project("{2150E333-8FDC-42A3-9474-1A3956D46DE8}") = "Ordering", "Ordering", "{9C905E69-C57C-4737-9B63-1F0D85CB33FE}"
EndProject
Project("{9A19103F-16F7-4668-BE54-9A1E7A4F7556}") = "OrdersApi", "Ordering\OrdersApi\OrdersApi.csproj", "{C7B6B610-89C7-4538-B893-3F808BB4C71A}"
EndProject
Project("{9A19103F-16F7-4668-BE54-9A1E7A4F7556}") = "FacesApi2", "Faces\FacesApi2\FacesApi2.csproj", "{19733584-E487-44F3-8E78-C6EBE9EF689F}"
EndProject
Project("{2150E333-8FDC-42A3-9474-1A3956D46DE8}") = "CustomerNotification", "CustomerNotification", "{CF987A03-C186-4580-970A-F958F34FD575}"
EndProject
Project("{9A19103F-16F7-4668-BE54-9A1E7A4F7556}") = "NotificationService", "NotificationService\NotificationService.csproj", "{1C7AB4D2-34E1-47D1-B669-B7C7BD5C603A}"
EndProject
Project("{9A19103F-16F7-4668-BE54-9A1E7A4F7556}") = "EmailService", "EmailService\EmailService.csproj", "{C2D570DD-E5E3-46F4-8EBA-08A321C41B83}"
EndProject
Project("{E53339B2-1760-4266-BCC7-CA923CBCF16C}") = "docker-compose", "docker-compose.dcproj", "{28E36F46-5123-4A05-B8F7-D1190A3C0D9F}"
EndProject
Global
	GlobalSection(SolutionConfigurationPlatforms) = preSolution
		Debug|Any CPU = Debug|Any CPU
		Release|Any CPU = Release|Any CPU
	EndGlobalSection
	GlobalSection(ProjectConfigurationPlatforms) = postSolution
		{86EA87B5-EE5A-49D3-A992-D4EC206A688B}.Debug|Any CPU.ActiveCfg = Debug|Any CPU
		{86EA87B5-EE5A-49D3-A992-D4EC206A688B}.Debug|Any CPU.Build.0 = Debug|Any CPU
		{86EA87B5-EE5A-49D3-A992-D4EC206A688B}.Release|Any CPU.ActiveCfg = Release|Any CPU
		{86EA87B5-EE5A-49D3-A992-D4EC206A688B}.Release|Any CPU.Build.0 = Release|Any CPU
		{1B8D4DC0-95CF-4C63-A53D-71C0B622A651}.Debug|Any CPU.ActiveCfg = Debug|Any CPU
		{1B8D4DC0-95CF-4C63-A53D-71C0B622A651}.Debug|Any CPU.Build.0 = Debug|Any CPU
		{1B8D4DC0-95CF-4C63-A53D-71C0B622A651}.Release|Any CPU.ActiveCfg = Release|Any CPU
		{1B8D4DC0-95CF-4C63-A53D-71C0B622A651}.Release|Any CPU.Build.0 = Release|Any CPU
		{9BE9EC80-8127-4E93-A9A7-5309F09CA2E3}.Debug|Any CPU.ActiveCfg = Debug|Any CPU
		{9BE9EC80-8127-4E93-A9A7-5309F09CA2E3}.Debug|Any CPU.Build.0 = Debug|Any CPU
		{9BE9EC80-8127-4E93-A9A7-5309F09CA2E3}.Release|Any CPU.ActiveCfg = Release|Any CPU
		{9BE9EC80-8127-4E93-A9A7-5309F09CA2E3}.Release|Any CPU.Build.0 = Release|Any CPU
		{5A3D7973-8608-4EB5-840C-B46AE2806F62}.Debug|Any CPU.ActiveCfg = Debug|Any CPU
		{5A3D7973-8608-4EB5-840C-B46AE2806F62}.Debug|Any CPU.Build.0 = Debug|Any CPU
		{5A3D7973-8608-4EB5-840C-B46AE2806F62}.Release|Any CPU.ActiveCfg = Release|Any CPU
		{5A3D7973-8608-4EB5-840C-B46AE2806F62}.Release|Any CPU.Build.0 = Release|Any CPU
		{C7B6B610-89C7-4538-B893-3F808BB4C71A}.Debug|Any CPU.ActiveCfg = Debug|Any CPU
		{C7B6B610-89C7-4538-B893-3F808BB4C71A}.Debug|Any CPU.Build.0 = Debug|Any CPU
		{C7B6B610-89C7-4538-B893-3F808BB4C71A}.Release|Any CPU.ActiveCfg = Release|Any CPU
		{C7B6B610-89C7-4538-B893-3F808BB4C71A}.Release|Any CPU.Build.0 = Release|Any CPU
		{19733584-E487-44F3-8E78-C6EBE9EF689F}.Debug|Any CPU.ActiveCfg = Debug|Any CPU
		{19733584-E487-44F3-8E78-C6EBE9EF689F}.Debug|Any CPU.Build.0 = Debug|Any CPU
		{19733584-E487-44F3-8E78-C6EBE9EF689F}.Release|Any CPU.ActiveCfg = Release|Any CPU
		{19733584-E487-44F3-8E78-C6EBE9EF689F}.Release|Any CPU.Build.0 = Release|Any CPU
		{1C7AB4D2-34E1-47D1-B669-B7C7BD5C603A}.Debug|Any CPU.ActiveCfg = Debug|Any CPU
		{1C7AB4D2-34E1-47D1-B669-B7C7BD5C603A}.Debug|Any CPU.Build.0 = Debug|Any CPU
		{1C7AB4D2-34E1-47D1-B669-B7C7BD5C603A}.Release|Any CPU.ActiveCfg = Release|Any CPU
		{1C7AB4D2-34E1-47D1-B669-B7C7BD5C603A}.Release|Any CPU.Build.0 = Release|Any CPU
		{C2D570DD-E5E3-46F4-8EBA-08A321C41B83}.Debug|Any CPU.ActiveCfg = Debug|Any CPU
		{C2D570DD-E5E3-46F4-8EBA-08A321C41B83}.Debug|Any CPU.Build.0 = Debug|Any CPU
		{C2D570DD-E5E3-46F4-8EBA-08A321C41B83}.Release|Any CPU.ActiveCfg = Release|Any CPU
		{C2D570DD-E5E3-46F4-8EBA-08A321C41B83}.Release|Any CPU.Build.0 = Release|Any CPU
		{28E36F46-5123-4A05-B8F7-D1190A3C0D9F}.Debug|Any CPU.ActiveCfg = Debug|Any CPU
		{28E36F46-5123-4A05-B8F7-D1190A3C0D9F}.Debug|Any CPU.Build.0 = Debug|Any CPU
		{28E36F46-5123-4A05-B8F7-D1190A3C0D9F}.Release|Any CPU.ActiveCfg = Release|Any CPU
		{28E36F46-5123-4A05-B8F7-D1190A3C0D9F}.Release|Any CPU.Build.0 = Release|Any CPU
	EndGlobalSection
	GlobalSection(SolutionProperties) = preSolution
		HideSolutionNode = FALSE
	EndGlobalSection
	GlobalSection(NestedProjects) = preSolution
		{86EA87B5-EE5A-49D3-A992-D4EC206A688B} = {0D077310-5FF0-421F-8F3F-4E749D95B88C}
		{1B8D4DC0-95CF-4C63-A53D-71C0B622A651} = {0D077310-5FF0-421F-8F3F-4E749D95B88C}
		{9BE9EC80-8127-4E93-A9A7-5309F09CA2E3} = {F0E3017B-C07D-4DDA-8A1C-CD17A7BE2840}
		{5A3D7973-8608-4EB5-840C-B46AE2806F62} = {4DC17EB6-F8EA-4C53-A5B8-4338BE923DD2}
		{C7B6B610-89C7-4538-B893-3F808BB4C71A} = {9C905E69-C57C-4737-9B63-1F0D85CB33FE}
		{19733584-E487-44F3-8E78-C6EBE9EF689F} = {0D077310-5FF0-421F-8F3F-4E749D95B88C}
		{1C7AB4D2-34E1-47D1-B669-B7C7BD5C603A} = {CF987A03-C186-4580-970A-F958F34FD575}
		{C2D570DD-E5E3-46F4-8EBA-08A321C41B83} = {CF987A03-C186-4580-970A-F958F34FD575}
	EndGlobalSection
	GlobalSection(ExtensibilityGlobals) = postSolution
		SolutionGuid = {AD58383F-690A-494A-9218-F74F6C66262A}
	EndGlobalSection
EndGlobal
